
Microsoft Visual Studio Solution File, Format Version 12.00
Project("{2150E333-8FDC-42A3-9474-1A3956D46DE8}") = "src", "src", "{9DF0903F-36DE-4F71-BE60-E43A7F8C5D91}"
EndProject
Project("{2150E333-8FDC-42A3-9474-1A3956D46DE8}") = "_sln_root", "_sln_root", "{D308496E-84AE-4794-AE01-72C14C51BB54}"
	ProjectSection(SolutionItems) = preProject
		.gitignore = .gitignore
		Directory.Build.props = Directory.Build.props
		global.json = global.json
		README.md = README.md
		Makefile = Makefile
		LICENSE = LICENSE
		.editorconfig = .editorconfig
	EndProjectSection
EndProject
Project("{FAE04EC0-301F-11D3-BF4B-00C04F79EFBC}") = "ta.UIKit", "src\ta.UIKit\ta.UIKit.csproj", "{0C626C51-3219-4404-9B5C-2CB70EB9BF72}"
EndProject
Project("{FAE04EC0-301F-11D3-BF4B-00C04F79EFBC}") = "ta.DevTools", "src\ta.DevTools\ta.DevTools.csproj", "{94AB8A9A-60BF-475F-9D86-5C10856AE8A5}"
EndProject
Global
	GlobalSection(SolutionConfigurationPlatforms) = preSolution
		Debug|Any CPU = Debug|Any CPU
		Release|Any CPU = Release|Any CPU
	EndGlobalSection
	GlobalSection(ProjectConfigurationPlatforms) = postSolution
		{0C626C51-3219-4404-9B5C-2CB70EB9BF72}.Debug|Any CPU.ActiveCfg = Debug|Any CPU
		{0C626C51-3219-4404-9B5C-2CB70EB9BF72}.Debug|Any CPU.Build.0 = Debug|Any CPU
		{0C626C51-3219-4404-9B5C-2CB70EB9BF72}.Release|Any CPU.ActiveCfg = Release|Any CPU
		{0C626C51-3219-4404-9B5C-2CB70EB9BF72}.Release|Any CPU.Build.0 = Release|Any CPU
		{94AB8A9A-60BF-475F-9D86-5C10856AE8A5}.Debug|Any CPU.ActiveCfg = Debug|Any CPU
		{94AB8A9A-60BF-475F-9D86-5C10856AE8A5}.Debug|Any CPU.Build.0 = Debug|Any CPU
		{94AB8A9A-60BF-475F-9D86-5C10856AE8A5}.Release|Any CPU.ActiveCfg = Release|Any CPU
		{94AB8A9A-60BF-475F-9D86-5C10856AE8A5}.Release|Any CPU.Build.0 = Release|Any CPU
	EndGlobalSection
	GlobalSection(NestedProjects) = preSolution
		{0C626C51-3219-4404-9B5C-2CB70EB9BF72} = {9DF0903F-36DE-4F71-BE60-E43A7F8C5D91}
		{94AB8A9A-60BF-475F-9D86-5C10856AE8A5} = {9DF0903F-36DE-4F71-BE60-E43A7F8C5D91}
	EndGlobalSection
EndGlobal
