
Microsoft Visual Studio Solution File, Format Version 12.00
Project("{2150E333-8FDC-42A3-9474-1A3956D46DE8}") = "src", "src", "{9DF0903F-36DE-4F71-BE60-E43A7F8C5D91}"
EndProject
Project("{2150E333-8FDC-42A3-9474-1A3956D46DE8}") = "_sln_root", "_sln_root", "{D308496E-84AE-4794-AE01-72C14C51BB54}"
	ProjectSection(SolutionItems) = preProject
		.gitignore = .gitignore
		global.json = global.json
		README.md = README.md
		LICENSE = LICENSE
		.editorconfig = .editorconfig
		build.cake = build.cake
		Directory.Build.props = Directory.Build.props
	EndProjectSection
EndProject
Project("{FAE04EC0-301F-11D3-BF4B-00C04F79EFBC}") = "tvardero.DearDevTools", "src\tvardero.DearDevTools\tvardero.DearDevTools.csproj", "{65C7BAD5-10BC-47BB-9DDD-AD1E48495088}"
EndProject
Global
	GlobalSection(SolutionConfigurationPlatforms) = preSolution
		Debug|Any CPU = Debug|Any CPU
		Release|Any CPU = Release|Any CPU
	EndGlobalSection
	GlobalSection(ProjectConfigurationPlatforms) = postSolution
		{65C7BAD5-10BC-47BB-9DDD-AD1E48495088}.Debug|Any CPU.ActiveCfg = Debug|Any CPU
		{65C7BAD5-10BC-47BB-9DDD-AD1E48495088}.Debug|Any CPU.Build.0 = Debug|Any CPU
		{65C7BAD5-10BC-47BB-9DDD-AD1E48495088}.Release|Any CPU.ActiveCfg = Release|Any CPU
		{65C7BAD5-10BC-47BB-9DDD-AD1E48495088}.Release|Any CPU.Build.0 = Release|Any CPU
	EndGlobalSection
	GlobalSection(NestedProjects) = preSolution
		{65C7BAD5-10BC-47BB-9DDD-AD1E48495088} = {9DF0903F-36DE-4F71-BE60-E43A7F8C5D91}
	EndGlobalSection
EndGlobal
